
Microsoft Visual Studio Solution File, Format Version 12.00
# Visual Studio Version 16
VisualStudioVersion = 16.0.31402.337
MinimumVisualStudioVersion = 10.0.40219.1
Project("{D954291E-2A0B-460D-934E-DC6B0785DB48}") = "Axxon.PluginCommons", "Axxon.PluginCommons.shproj", "{22C6751A-F584-4A33-BE0C-BAB061E0063D}"
EndProject
Global
	GlobalSection(SharedMSBuildProjectFiles) = preSolution
		Axxon.PluginCommons.projitems*{22c6751a-f584-4a33-be0c-bab061e0063d}*SharedItemsImports = 13
	EndGlobalSection
	GlobalSection(SolutionProperties) = preSolution
		HideSolutionNode = FALSE
	EndGlobalSection
	GlobalSection(ExtensibilityGlobals) = postSolution
		SolutionGuid = {D9FEA7F4-0EA1-48BD-BE5E-2EED01FFF7A6}
	EndGlobalSection
EndGlobal
