
Microsoft Visual Studio Solution File, Format Version 12.00
# Visual Studio Version 17
VisualStudioVersion = 17.12.35707.178
MinimumVisualStudioVersion = 10.0.40219.1
Project("{FAE04EC0-301F-11D3-BF4B-00C04F79EFBC}") = "Biblioteca", "Biblioteca\Biblioteca.csproj", "{BAC8F06D-1A20-4EDC-9BD0-D288739143ED}"
EndProject
Project("{FAE04EC0-301F-11D3-BF4B-00C04F79EFBC}") = "Socio", "Socio\Socio.csproj", "{276FAE62-DF2B-47CE-A69E-9F8245A6509F}"
EndProject
Project("{FAE04EC0-301F-11D3-BF4B-00C04F79EFBC}") = "Libro", "Libro\Libro.csproj", "{0C951014-8716-4B18-8633-BF71CECED994}"
EndProject
Project("{FAE04EC0-301F-11D3-BF4B-00C04F79EFBC}") = "BibliotecaLibro", "BibliotecaLibro\BibliotecaLibro.csproj", "{FD49847F-8AFB-4BB0-BC55-5A4AAE593B2B}"
EndProject
Project("{D954291E-2A0B-460D-934E-DC6B0785DB48}") = "Axxon.PluginCommons", "Axxon.PluginCommons\Axxon.PluginCommons.shproj", "{22C6751A-F584-4A33-BE0C-BAB061E0063D}"
EndProject
Project("{FAE04EC0-301F-11D3-BF4B-00C04F79EFBC}") = "Alquiler", "Alquiler\Alquiler.csproj", "{9BA2F5E9-0CDF-411A-9A26-FF4C6F000100}"
EndProject
Project("{FAE04EC0-301F-11D3-BF4B-00C04F79EFBC}") = "Alquiler.CustomAction", "Alquiler.CustomAction\Alquiler.CustomAction.csproj", "{7AA3BA4B-B01A-41DC-8550-027F079A1344}"
EndProject
Project("{FAE04EC0-301F-11D3-BF4B-00C04F79EFBC}") = "Alquiler.CustomApi", "Alquiler.CustomApi\Alquiler.CustomApi.csproj", "{5713A936-6218-4417-9483-48B280499BDA}"
EndProject
Project("{FAE04EC0-301F-11D3-BF4B-00C04F79EFBC}") = "Alquiler.CustomWorkFlow", "Alquiler.CustomWorkFlow\Alquiler.CustomWorkFlow.csproj", "{50CC9781-6AF8-417F-9E2C-026AA4831236}"
EndProject
Project("{2150E333-8FDC-42A3-9474-1A3956D46DE8}") = "1 Alquilers", "1 Alquilers", "{02EA681E-C7D8-13C7-8484-4AC65E1B71E8}"
EndProject
Project("{FAE04EC0-301F-11D3-BF4B-00C04F79EFBC}") = "Libro.Consumer", "Libro.Consumer\Libro.Consumer.csproj", "{85C6B700-D1BA-47D3-9137-5C2AA8E7108E}"
EndProject
Project("{FAE04EC0-301F-11D3-BF4B-00C04F79EFBC}") = "Libro.FunctionApp", "Libro.FunctionApp\Libro.FunctionApp.csproj", "{2C825247-B627-5DA8-21FA-66EF9929C443}"
EndProject
Project("{2150E333-8FDC-42A3-9474-1A3956D46DE8}") = "2 Libros", "2 Libros", "{9E213EF1-B914-4C50-A757-19E203EF36CF}"
EndProject
Project("{FAE04EC0-301F-11D3-BF4B-00C04F79EFBC}") = "Libro.CustomApi", "Libro.CustomApi\Libro.CustomApi.csproj", "{87B35ED0-E21F-430F-907C-7DF44B2F6F30}"
EndProject
Project("{FAE04EC0-301F-11D3-BF4B-00C04F79EFBC}") = "Libro.MarvelFunctionApp", "Libro.MarvelFunctionApp\Libro.MarvelFunctionApp.csproj", "{1F6B9317-3E5E-4D26-8831-46CC21E69648}"
EndProject
Project("{FAE04EC0-301F-11D3-BF4B-00C04F79EFBC}") = "Libro.MarvelCustomApi", "Libro.MarvelCustomApi\Libro.MarvelCustomApi.csproj", "{D197BFA7-BDCD-4D6A-A339-F48464A303D0}"
EndProject
Project("{FAE04EC0-301F-11D3-BF4B-00C04F79EFBC}") = "Crm.Access", "Crm.Access\Crm.Access.csproj", "{5E05F554-75E3-458A-BF8B-3F280B1E3D0C}"
EndProject
Project("{FAE04EC0-301F-11D3-BF4B-00C04F79EFBC}") = "Socio.CustomApi", "Socio.CustomApi\Socio.CustomApi.csproj", "{E1FA7F1F-80FC-4271-BA05-7268016A6026}"
EndProject
Project("{2150E333-8FDC-42A3-9474-1A3956D46DE8}") = "3 Socios", "3 Socios", "{EA832458-B9E3-4E8D-B3F6-76732EADED8B}"
EndProject
Project("{FAE04EC0-301F-11D3-BF4B-00C04F79EFBC}") = "Socio.Api", "Socio.Api\Socio.Api.csproj", "{167F86C5-B819-4257-8055-BDA7AD7C2B5D}"
EndProject
Project("{2150E333-8FDC-42A3-9474-1A3956D46DE8}") = "6 Shared", "6 Shared", "{6CCC5B72-5A33-4CA9-8955-5D4C1CA87894}"
EndProject
Project("{2150E333-8FDC-42A3-9474-1A3956D46DE8}") = "4 SandBox", "4 SandBox", "{E77A398A-45DD-4308-8C22-58EC3F1A912E}"
EndProject
Project("{2150E333-8FDC-42A3-9474-1A3956D46DE8}") = "5 External", "5 External", "{4CE3567C-376B-4551-9545-D80285DF140E}"
EndProject
Project("{FAE04EC0-301F-11D3-BF4B-00C04F79EFBC}") = "Core", "Core\Core.csproj", "{2FF953E6-9ED3-4822-AF44-3EDA23A37E73}"
EndProject
Project("{FAE04EC0-301F-11D3-BF4B-00C04F79EFBC}") = "Crm.Common", "Crm.Common\Crm.Common.csproj", "{CA2D7054-E6A6-4FC1-B13E-EF8866F5F344}"
EndProject
Global
	GlobalSection(SolutionConfigurationPlatforms) = preSolution
		Debug|Any CPU = Debug|Any CPU
		Release|Any CPU = Release|Any CPU
	EndGlobalSection
	GlobalSection(ProjectConfigurationPlatforms) = postSolution
		{BAC8F06D-1A20-4EDC-9BD0-D288739143ED}.Debug|Any CPU.ActiveCfg = Debug|Any CPU
		{BAC8F06D-1A20-4EDC-9BD0-D288739143ED}.Debug|Any CPU.Build.0 = Debug|Any CPU
		{BAC8F06D-1A20-4EDC-9BD0-D288739143ED}.Release|Any CPU.ActiveCfg = Release|Any CPU
		{BAC8F06D-1A20-4EDC-9BD0-D288739143ED}.Release|Any CPU.Build.0 = Release|Any CPU
		{276FAE62-DF2B-47CE-A69E-9F8245A6509F}.Debug|Any CPU.ActiveCfg = Debug|Any CPU
		{276FAE62-DF2B-47CE-A69E-9F8245A6509F}.Debug|Any CPU.Build.0 = Debug|Any CPU
		{276FAE62-DF2B-47CE-A69E-9F8245A6509F}.Release|Any CPU.ActiveCfg = Release|Any CPU
		{276FAE62-DF2B-47CE-A69E-9F8245A6509F}.Release|Any CPU.Build.0 = Release|Any CPU
		{0C951014-8716-4B18-8633-BF71CECED994}.Debug|Any CPU.ActiveCfg = Debug|Any CPU
		{0C951014-8716-4B18-8633-BF71CECED994}.Debug|Any CPU.Build.0 = Debug|Any CPU
		{0C951014-8716-4B18-8633-BF71CECED994}.Release|Any CPU.ActiveCfg = Release|Any CPU
		{0C951014-8716-4B18-8633-BF71CECED994}.Release|Any CPU.Build.0 = Release|Any CPU
		{FD49847F-8AFB-4BB0-BC55-5A4AAE593B2B}.Debug|Any CPU.ActiveCfg = Debug|Any CPU
		{FD49847F-8AFB-4BB0-BC55-5A4AAE593B2B}.Debug|Any CPU.Build.0 = Debug|Any CPU
		{FD49847F-8AFB-4BB0-BC55-5A4AAE593B2B}.Release|Any CPU.ActiveCfg = Release|Any CPU
		{FD49847F-8AFB-4BB0-BC55-5A4AAE593B2B}.Release|Any CPU.Build.0 = Release|Any CPU
		{9BA2F5E9-0CDF-411A-9A26-FF4C6F000100}.Debug|Any CPU.ActiveCfg = Debug|Any CPU
		{9BA2F5E9-0CDF-411A-9A26-FF4C6F000100}.Debug|Any CPU.Build.0 = Debug|Any CPU
		{9BA2F5E9-0CDF-411A-9A26-FF4C6F000100}.Release|Any CPU.ActiveCfg = Release|Any CPU
		{9BA2F5E9-0CDF-411A-9A26-FF4C6F000100}.Release|Any CPU.Build.0 = Release|Any CPU
		{7AA3BA4B-B01A-41DC-8550-027F079A1344}.Debug|Any CPU.ActiveCfg = Debug|Any CPU
		{7AA3BA4B-B01A-41DC-8550-027F079A1344}.Debug|Any CPU.Build.0 = Debug|Any CPU
		{7AA3BA4B-B01A-41DC-8550-027F079A1344}.Release|Any CPU.ActiveCfg = Release|Any CPU
		{7AA3BA4B-B01A-41DC-8550-027F079A1344}.Release|Any CPU.Build.0 = Release|Any CPU
		{5713A936-6218-4417-9483-48B280499BDA}.Debug|Any CPU.ActiveCfg = Debug|Any CPU
		{5713A936-6218-4417-9483-48B280499BDA}.Debug|Any CPU.Build.0 = Debug|Any CPU
		{5713A936-6218-4417-9483-48B280499BDA}.Release|Any CPU.ActiveCfg = Release|Any CPU
		{5713A936-6218-4417-9483-48B280499BDA}.Release|Any CPU.Build.0 = Release|Any CPU
		{50CC9781-6AF8-417F-9E2C-026AA4831236}.Debug|Any CPU.ActiveCfg = Debug|Any CPU
		{50CC9781-6AF8-417F-9E2C-026AA4831236}.Debug|Any CPU.Build.0 = Debug|Any CPU
		{50CC9781-6AF8-417F-9E2C-026AA4831236}.Release|Any CPU.ActiveCfg = Release|Any CPU
		{50CC9781-6AF8-417F-9E2C-026AA4831236}.Release|Any CPU.Build.0 = Release|Any CPU
		{85C6B700-D1BA-47D3-9137-5C2AA8E7108E}.Debug|Any CPU.ActiveCfg = Debug|Any CPU
		{85C6B700-D1BA-47D3-9137-5C2AA8E7108E}.Debug|Any CPU.Build.0 = Debug|Any CPU
		{85C6B700-D1BA-47D3-9137-5C2AA8E7108E}.Release|Any CPU.ActiveCfg = Release|Any CPU
		{85C6B700-D1BA-47D3-9137-5C2AA8E7108E}.Release|Any CPU.Build.0 = Release|Any CPU
		{2C825247-B627-5DA8-21FA-66EF9929C443}.Debug|Any CPU.ActiveCfg = Debug|Any CPU
		{2C825247-B627-5DA8-21FA-66EF9929C443}.Debug|Any CPU.Build.0 = Debug|Any CPU
		{2C825247-B627-5DA8-21FA-66EF9929C443}.Release|Any CPU.ActiveCfg = Release|Any CPU
		{2C825247-B627-5DA8-21FA-66EF9929C443}.Release|Any CPU.Build.0 = Release|Any CPU
		{87B35ED0-E21F-430F-907C-7DF44B2F6F30}.Debug|Any CPU.ActiveCfg = Debug|Any CPU
		{87B35ED0-E21F-430F-907C-7DF44B2F6F30}.Debug|Any CPU.Build.0 = Debug|Any CPU
		{87B35ED0-E21F-430F-907C-7DF44B2F6F30}.Release|Any CPU.ActiveCfg = Release|Any CPU
		{87B35ED0-E21F-430F-907C-7DF44B2F6F30}.Release|Any CPU.Build.0 = Release|Any CPU
		{1F6B9317-3E5E-4D26-8831-46CC21E69648}.Debug|Any CPU.ActiveCfg = Debug|Any CPU
		{1F6B9317-3E5E-4D26-8831-46CC21E69648}.Debug|Any CPU.Build.0 = Debug|Any CPU
		{1F6B9317-3E5E-4D26-8831-46CC21E69648}.Release|Any CPU.ActiveCfg = Release|Any CPU
		{1F6B9317-3E5E-4D26-8831-46CC21E69648}.Release|Any CPU.Build.0 = Release|Any CPU
		{D197BFA7-BDCD-4D6A-A339-F48464A303D0}.Debug|Any CPU.ActiveCfg = Debug|Any CPU
		{D197BFA7-BDCD-4D6A-A339-F48464A303D0}.Debug|Any CPU.Build.0 = Debug|Any CPU
		{D197BFA7-BDCD-4D6A-A339-F48464A303D0}.Release|Any CPU.ActiveCfg = Release|Any CPU
		{D197BFA7-BDCD-4D6A-A339-F48464A303D0}.Release|Any CPU.Build.0 = Release|Any CPU
		{5E05F554-75E3-458A-BF8B-3F280B1E3D0C}.Debug|Any CPU.ActiveCfg = Debug|Any CPU
		{5E05F554-75E3-458A-BF8B-3F280B1E3D0C}.Debug|Any CPU.Build.0 = Debug|Any CPU
		{5E05F554-75E3-458A-BF8B-3F280B1E3D0C}.Release|Any CPU.ActiveCfg = Release|Any CPU
		{5E05F554-75E3-458A-BF8B-3F280B1E3D0C}.Release|Any CPU.Build.0 = Release|Any CPU
		{E1FA7F1F-80FC-4271-BA05-7268016A6026}.Debug|Any CPU.ActiveCfg = Debug|Any CPU
		{E1FA7F1F-80FC-4271-BA05-7268016A6026}.Debug|Any CPU.Build.0 = Debug|Any CPU
		{E1FA7F1F-80FC-4271-BA05-7268016A6026}.Release|Any CPU.ActiveCfg = Release|Any CPU
		{E1FA7F1F-80FC-4271-BA05-7268016A6026}.Release|Any CPU.Build.0 = Release|Any CPU
		{167F86C5-B819-4257-8055-BDA7AD7C2B5D}.Debug|Any CPU.ActiveCfg = Debug|Any CPU
		{167F86C5-B819-4257-8055-BDA7AD7C2B5D}.Debug|Any CPU.Build.0 = Debug|Any CPU
		{167F86C5-B819-4257-8055-BDA7AD7C2B5D}.Release|Any CPU.ActiveCfg = Release|Any CPU
		{167F86C5-B819-4257-8055-BDA7AD7C2B5D}.Release|Any CPU.Build.0 = Release|Any CPU
		{2FF953E6-9ED3-4822-AF44-3EDA23A37E73}.Debug|Any CPU.ActiveCfg = Debug|Any CPU
		{2FF953E6-9ED3-4822-AF44-3EDA23A37E73}.Debug|Any CPU.Build.0 = Debug|Any CPU
		{2FF953E6-9ED3-4822-AF44-3EDA23A37E73}.Release|Any CPU.ActiveCfg = Release|Any CPU
		{2FF953E6-9ED3-4822-AF44-3EDA23A37E73}.Release|Any CPU.Build.0 = Release|Any CPU
		{CA2D7054-E6A6-4FC1-B13E-EF8866F5F344}.Debug|Any CPU.ActiveCfg = Debug|Any CPU
		{CA2D7054-E6A6-4FC1-B13E-EF8866F5F344}.Debug|Any CPU.Build.0 = Debug|Any CPU
		{CA2D7054-E6A6-4FC1-B13E-EF8866F5F344}.Release|Any CPU.ActiveCfg = Release|Any CPU
		{CA2D7054-E6A6-4FC1-B13E-EF8866F5F344}.Release|Any CPU.Build.0 = Release|Any CPU
	EndGlobalSection
	GlobalSection(SolutionProperties) = preSolution
		HideSolutionNode = FALSE
	EndGlobalSection
	GlobalSection(NestedProjects) = preSolution
		{BAC8F06D-1A20-4EDC-9BD0-D288739143ED} = {E77A398A-45DD-4308-8C22-58EC3F1A912E}
		{276FAE62-DF2B-47CE-A69E-9F8245A6509F} = {EA832458-B9E3-4E8D-B3F6-76732EADED8B}
		{0C951014-8716-4B18-8633-BF71CECED994} = {9E213EF1-B914-4C50-A757-19E203EF36CF}
		{FD49847F-8AFB-4BB0-BC55-5A4AAE593B2B} = {E77A398A-45DD-4308-8C22-58EC3F1A912E}
		{22C6751A-F584-4A33-BE0C-BAB061E0063D} = {6CCC5B72-5A33-4CA9-8955-5D4C1CA87894}
		{9BA2F5E9-0CDF-411A-9A26-FF4C6F000100} = {02EA681E-C7D8-13C7-8484-4AC65E1B71E8}
		{7AA3BA4B-B01A-41DC-8550-027F079A1344} = {02EA681E-C7D8-13C7-8484-4AC65E1B71E8}
		{5713A936-6218-4417-9483-48B280499BDA} = {02EA681E-C7D8-13C7-8484-4AC65E1B71E8}
		{50CC9781-6AF8-417F-9E2C-026AA4831236} = {02EA681E-C7D8-13C7-8484-4AC65E1B71E8}
		{85C6B700-D1BA-47D3-9137-5C2AA8E7108E} = {9E213EF1-B914-4C50-A757-19E203EF36CF}
		{2C825247-B627-5DA8-21FA-66EF9929C443} = {9E213EF1-B914-4C50-A757-19E203EF36CF}
		{87B35ED0-E21F-430F-907C-7DF44B2F6F30} = {9E213EF1-B914-4C50-A757-19E203EF36CF}
		{1F6B9317-3E5E-4D26-8831-46CC21E69648} = {9E213EF1-B914-4C50-A757-19E203EF36CF}
		{D197BFA7-BDCD-4D6A-A339-F48464A303D0} = {9E213EF1-B914-4C50-A757-19E203EF36CF}
		{5E05F554-75E3-458A-BF8B-3F280B1E3D0C} = {4CE3567C-376B-4551-9545-D80285DF140E}
		{E1FA7F1F-80FC-4271-BA05-7268016A6026} = {EA832458-B9E3-4E8D-B3F6-76732EADED8B}
		{167F86C5-B819-4257-8055-BDA7AD7C2B5D} = {EA832458-B9E3-4E8D-B3F6-76732EADED8B}
		{2FF953E6-9ED3-4822-AF44-3EDA23A37E73} = {6CCC5B72-5A33-4CA9-8955-5D4C1CA87894}
		{CA2D7054-E6A6-4FC1-B13E-EF8866F5F344} = {6CCC5B72-5A33-4CA9-8955-5D4C1CA87894}
	EndGlobalSection
	GlobalSection(ExtensibilityGlobals) = postSolution
		SolutionGuid = {36CC9D07-C4D7-4477-BE00-D0622611F74A}
	EndGlobalSection
	GlobalSection(SharedMSBuildProjectFiles) = preSolution
		Axxon.PluginCommons\Axxon.PluginCommons.projitems*{22c6751a-f584-4a33-be0c-bab061e0063d}*SharedItemsImports = 13
		Axxon.PluginCommons\Axxon.PluginCommons.projitems*{9ba2f5e9-0cdf-411a-9a26-ff4c6f000100}*SharedItemsImports = 4
		Axxon.PluginCommons\Axxon.PluginCommons.projitems*{d197bfa7-bdcd-4d6a-a339-f48464a303d0}*SharedItemsImports = 4
		Axxon.PluginCommons\Axxon.PluginCommons.projitems*{e1fa7f1f-80fc-4271-ba05-7268016a6026}*SharedItemsImports = 4
	EndGlobalSection
EndGlobal
